
Microsoft Visual Studio Solution File, Format Version 12.00
# Visual Studio Version 17
VisualStudioVersion = 17.8.34330.188
MinimumVisualStudioVersion = 10.0.40219.1
Project("{2150E333-8FDC-42A3-9474-1A3956D46DE8}") = "Src", "Src", "{CFF7E135-C60A-46FD-8D38-379063DE8F9E}"
EndProject
Project("{2150E333-8FDC-42A3-9474-1A3956D46DE8}") = "Core", "Core", "{E456BB3A-6994-4941-B055-55DBA145A518}"
EndProject
Project("{2150E333-8FDC-42A3-9474-1A3956D46DE8}") = "Infrastructure", "Infrastructure", "{EF7385AD-64BD-4DAE-9BF9-59F37F98F55E}"
EndProject
Project("{2150E333-8FDC-42A3-9474-1A3956D46DE8}") = "Application", "Application", "{3058AE07-FA35-47FD-896D-9BA595D611FE}"
EndProject
Project("{2150E333-8FDC-42A3-9474-1A3956D46DE8}") = "EndPoint", "EndPoint", "{72A81FEF-076A-4CFB-B5C8-50B77FF8CCAF}"
EndProject
Project("{FAE04EC0-301F-11D3-BF4B-00C04F79EFBC}") = "SIMA.BPMS.Domain", "Src\Core\SIMA.BPMS.Domain\SIMA.BPMS.Domain.csproj", "{2819501B-3309-4DAB-B44B-9A250C4B21F7}"
EndProject
Project("{FAE04EC0-301F-11D3-BF4B-00C04F79EFBC}") = "SIMA.BPMS.Application", "Src\Application\SIMA.BPMS.Application\SIMA.BPMS.Application.csproj", "{1F6A65A4-AC00-4488-B7CC-A85F244EDE13}"
EndProject
Project("{FAE04EC0-301F-11D3-BF4B-00C04F79EFBC}") = "SIMA.BPMS.Application.Contract", "Src\Application\SIMA.BPMS.Application.Contract\SIMA.BPMS.Application.Contract.csproj", "{D101DF3E-DDAD-4BCC-8B54-FBA9C21892DA}"
EndProject
Project("{FAE04EC0-301F-11D3-BF4B-00C04F79EFBC}") = "SIMA.BPMS.Application.Query", "Src\Application\SIMA.BPMS.Application.Query\SIMA.BPMS.Application.Query.csproj", "{2741E512-3B6F-436E-90B5-5067AC5B8C53}"
EndProject
Project("{FAE04EC0-301F-11D3-BF4B-00C04F79EFBC}") = "SIMA.BPMS.Application.Query.Contract", "Src\Application\SIMA.BPMS.Application.Query.Contract\SIMA.BPMS.Application.Query.Contract.csproj", "{32A08038-968F-4309-A5E2-DD5D0E7F82AD}"
EndProject
Project("{FAE04EC0-301F-11D3-BF4B-00C04F79EFBC}") = "SIMA.BPMS.Persistance.EF", "Src\Infrastructure\SIMA.BPMS.Persistance.EF\SIMA.BPMS.Persistance.EF.csproj", "{4DDC457A-429C-4295-9B63-9A4E2269B426}"
EndProject
Project("{FAE04EC0-301F-11D3-BF4B-00C04F79EFBC}") = "SIMA.BPMS.Persistance.Read", "Src\Infrastructure\SIMA.BPMS.Persistance.Read\SIMA.BPMS.Persistance.Read.csproj", "{BBFA8F87-64E4-4B04-8FF1-603FC74325C7}"
EndProject
Project("{FAE04EC0-301F-11D3-BF4B-00C04F79EFBC}") = "SIMA.BPMS.WebApi", "Src\EndPoint\SIMA.BPMS.WebApi\SIMA.BPMS.WebApi.csproj", "{2C97835F-5CE6-47D2-85F0-607A679E9955}"
EndProject
Global
	GlobalSection(SolutionConfigurationPlatforms) = preSolution
		Debug|Any CPU = Debug|Any CPU
		Release|Any CPU = Release|Any CPU
	EndGlobalSection
	GlobalSection(ProjectConfigurationPlatforms) = postSolution
		{2819501B-3309-4DAB-B44B-9A250C4B21F7}.Debug|Any CPU.ActiveCfg = Debug|Any CPU
		{2819501B-3309-4DAB-B44B-9A250C4B21F7}.Debug|Any CPU.Build.0 = Debug|Any CPU
		{2819501B-3309-4DAB-B44B-9A250C4B21F7}.Release|Any CPU.ActiveCfg = Release|Any CPU
		{2819501B-3309-4DAB-B44B-9A250C4B21F7}.Release|Any CPU.Build.0 = Release|Any CPU
		{1F6A65A4-AC00-4488-B7CC-A85F244EDE13}.Debug|Any CPU.ActiveCfg = Debug|Any CPU
		{1F6A65A4-AC00-4488-B7CC-A85F244EDE13}.Debug|Any CPU.Build.0 = Debug|Any CPU
		{1F6A65A4-AC00-4488-B7CC-A85F244EDE13}.Release|Any CPU.ActiveCfg = Release|Any CPU
		{1F6A65A4-AC00-4488-B7CC-A85F244EDE13}.Release|Any CPU.Build.0 = Release|Any CPU
		{D101DF3E-DDAD-4BCC-8B54-FBA9C21892DA}.Debug|Any CPU.ActiveCfg = Debug|Any CPU
		{D101DF3E-DDAD-4BCC-8B54-FBA9C21892DA}.Debug|Any CPU.Build.0 = Debug|Any CPU
		{D101DF3E-DDAD-4BCC-8B54-FBA9C21892DA}.Release|Any CPU.ActiveCfg = Release|Any CPU
		{D101DF3E-DDAD-4BCC-8B54-FBA9C21892DA}.Release|Any CPU.Build.0 = Release|Any CPU
		{2741E512-3B6F-436E-90B5-5067AC5B8C53}.Debug|Any CPU.ActiveCfg = Debug|Any CPU
		{2741E512-3B6F-436E-90B5-5067AC5B8C53}.Debug|Any CPU.Build.0 = Debug|Any CPU
		{2741E512-3B6F-436E-90B5-5067AC5B8C53}.Release|Any CPU.ActiveCfg = Release|Any CPU
		{2741E512-3B6F-436E-90B5-5067AC5B8C53}.Release|Any CPU.Build.0 = Release|Any CPU
		{32A08038-968F-4309-A5E2-DD5D0E7F82AD}.Debug|Any CPU.ActiveCfg = Debug|Any CPU
		{32A08038-968F-4309-A5E2-DD5D0E7F82AD}.Debug|Any CPU.Build.0 = Debug|Any CPU
		{32A08038-968F-4309-A5E2-DD5D0E7F82AD}.Release|Any CPU.ActiveCfg = Release|Any CPU
		{32A08038-968F-4309-A5E2-DD5D0E7F82AD}.Release|Any CPU.Build.0 = Release|Any CPU
		{4DDC457A-429C-4295-9B63-9A4E2269B426}.Debug|Any CPU.ActiveCfg = Debug|Any CPU
		{4DDC457A-429C-4295-9B63-9A4E2269B426}.Debug|Any CPU.Build.0 = Debug|Any CPU
		{4DDC457A-429C-4295-9B63-9A4E2269B426}.Release|Any CPU.ActiveCfg = Release|Any CPU
		{4DDC457A-429C-4295-9B63-9A4E2269B426}.Release|Any CPU.Build.0 = Release|Any CPU
		{BBFA8F87-64E4-4B04-8FF1-603FC74325C7}.Debug|Any CPU.ActiveCfg = Debug|Any CPU
		{BBFA8F87-64E4-4B04-8FF1-603FC74325C7}.Debug|Any CPU.Build.0 = Debug|Any CPU
		{BBFA8F87-64E4-4B04-8FF1-603FC74325C7}.Release|Any CPU.ActiveCfg = Release|Any CPU
		{BBFA8F87-64E4-4B04-8FF1-603FC74325C7}.Release|Any CPU.Build.0 = Release|Any CPU
		{2C97835F-5CE6-47D2-85F0-607A679E9955}.Debug|Any CPU.ActiveCfg = Debug|Any CPU
		{2C97835F-5CE6-47D2-85F0-607A679E9955}.Debug|Any CPU.Build.0 = Debug|Any CPU
		{2C97835F-5CE6-47D2-85F0-607A679E9955}.Release|Any CPU.ActiveCfg = Release|Any CPU
		{2C97835F-5CE6-47D2-85F0-607A679E9955}.Release|Any CPU.Build.0 = Release|Any CPU
	EndGlobalSection
	GlobalSection(SolutionProperties) = preSolution
		HideSolutionNode = FALSE
	EndGlobalSection
	GlobalSection(NestedProjects) = preSolution
		{E456BB3A-6994-4941-B055-55DBA145A518} = {CFF7E135-C60A-46FD-8D38-379063DE8F9E}
		{EF7385AD-64BD-4DAE-9BF9-59F37F98F55E} = {CFF7E135-C60A-46FD-8D38-379063DE8F9E}
		{3058AE07-FA35-47FD-896D-9BA595D611FE} = {CFF7E135-C60A-46FD-8D38-379063DE8F9E}
		{72A81FEF-076A-4CFB-B5C8-50B77FF8CCAF} = {CFF7E135-C60A-46FD-8D38-379063DE8F9E}
		{2819501B-3309-4DAB-B44B-9A250C4B21F7} = {E456BB3A-6994-4941-B055-55DBA145A518}
		{1F6A65A4-AC00-4488-B7CC-A85F244EDE13} = {3058AE07-FA35-47FD-896D-9BA595D611FE}
		{D101DF3E-DDAD-4BCC-8B54-FBA9C21892DA} = {3058AE07-FA35-47FD-896D-9BA595D611FE}
		{2741E512-3B6F-436E-90B5-5067AC5B8C53} = {3058AE07-FA35-47FD-896D-9BA595D611FE}
		{32A08038-968F-4309-A5E2-DD5D0E7F82AD} = {3058AE07-FA35-47FD-896D-9BA595D611FE}
		{4DDC457A-429C-4295-9B63-9A4E2269B426} = {EF7385AD-64BD-4DAE-9BF9-59F37F98F55E}
		{BBFA8F87-64E4-4B04-8FF1-603FC74325C7} = {EF7385AD-64BD-4DAE-9BF9-59F37F98F55E}
		{2C97835F-5CE6-47D2-85F0-607A679E9955} = {72A81FEF-076A-4CFB-B5C8-50B77FF8CCAF}
	EndGlobalSection
	GlobalSection(ExtensibilityGlobals) = postSolution
		SolutionGuid = {A11824A2-69B1-403D-9CDB-445C21FAE028}
	EndGlobalSection
EndGlobal
